
Microsoft Visual Studio Solution File, Format Version 12.00
# Visual Studio 15
VisualStudioVersion = 15.0.28307.271
MinimumVisualStudioVersion = 10.0.40219.1
Project("{FAE04EC0-301F-11D3-BF4B-00C04F79EFBC}") = "Truckleer", "truckleer\Truckleer.csproj", "{35B506C6-3EE5-4C5F-95EA-CCA222E4DC12}"
EndProject
Global
	GlobalSection(SolutionConfigurationPlatforms) = preSolution
		Debug|Any CPU = Debug|Any CPU
		Release|Any CPU = Release|Any CPU
	EndGlobalSection
	GlobalSection(ProjectConfigurationPlatforms) = postSolution
		{35B506C6-3EE5-4C5F-95EA-CCA222E4DC12}.Debug|Any CPU.ActiveCfg = Debug|Any CPU
		{35B506C6-3EE5-4C5F-95EA-CCA222E4DC12}.Debug|Any CPU.Build.0 = Debug|Any CPU
		{35B506C6-3EE5-4C5F-95EA-CCA222E4DC12}.Release|Any CPU.ActiveCfg = Release|Any CPU
		{35B506C6-3EE5-4C5F-95EA-CCA222E4DC12}.Release|Any CPU.Build.0 = Release|Any CPU
	EndGlobalSection
	GlobalSection(SolutionProperties) = preSolution
		HideSolutionNode = FALSE
	EndGlobalSection
	GlobalSection(ExtensibilityGlobals) = postSolution
		SolutionGuid = {E7D579C6-D432-4523-982D-58860C9631A9}
	EndGlobalSection
EndGlobal
